
Microsoft Visual Studio Solution File, Format Version 12.00
# Visual Studio Version 16
VisualStudioVersion = 16.0.32602.291
MinimumVisualStudioVersion = 10.0.40219.1
Project("{FAE04EC0-301F-11D3-BF4B-00C04F79EFBC}") = "AmazonCognito", "AmazonCognito.csproj", "{FF6627B9-B969-49B0-BF1C-5566ABD470C7}"
EndProject
Global
	GlobalSection(SolutionConfigurationPlatforms) = preSolution
		Debug|Any CPU = Debug|Any CPU
		Release|Any CPU = Release|Any CPU
	EndGlobalSection
	GlobalSection(ProjectConfigurationPlatforms) = postSolution
		{FF6627B9-B969-49B0-BF1C-5566ABD470C7}.Debug|Any CPU.ActiveCfg = Debug|Any CPU
		{FF6627B9-B969-49B0-BF1C-5566ABD470C7}.Debug|Any CPU.Build.0 = Debug|Any CPU
		{FF6627B9-B969-49B0-BF1C-5566ABD470C7}.Release|Any CPU.ActiveCfg = Release|Any CPU
		{FF6627B9-B969-49B0-BF1C-5566ABD470C7}.Release|Any CPU.Build.0 = Release|Any CPU
	EndGlobalSection
	GlobalSection(SolutionProperties) = preSolution
		HideSolutionNode = FALSE
	EndGlobalSection
	GlobalSection(ExtensibilityGlobals) = postSolution
		SolutionGuid = {E05828DE-C41D-4B65-AB8B-08B7AA77679A}
	EndGlobalSection
EndGlobal
